
Microsoft Visual Studio Solution File, Format Version 12.00
# Visual Studio Version 18
VisualStudioVersion = 18.10.12217.157 stable
MinimumVisualStudioVersion = 10.0.40219.1
Project("{FAE04EC0-301F-11D3-BF4B-00C04F79EFBC}") = "ControlePresenca.Domain", "ControlePresenca.Domain\ControlePresenca.Domain.csproj", "{2C5908F7-781B-4142-A33C-7A6A1FF90C1D}"
EndProject
Project("{FAE04EC0-301F-11D3-BF4B-00C04F79EFBC}") = "ControlePresenca.Application", "ControlePresenca.Application\ControlePresenca.Application.csproj", "{C6478E64-D35B-42C9-8D09-D28C4CE2FE16}"
EndProject
Project("{FAE04EC0-301F-11D3-BF4B-00C04F79EFBC}") = "ControlePresenca.Infrastructure", "ControlePresenca.Infrastructure\ControlePresenca.Infrastructure.csproj", "{3DB5594F-E640-4F6E-81D9-5F260C5F4959}"
EndProject
Project("{FAE04EC0-301F-11D3-BF4B-00C04F79EFBC}") = "ControlePresenca.Web", "ControlePresenca.Web\ControlePresenca.Web.csproj", "{E5A7E6F6-AB62-4F09-98BC-74F9832AF215}"
EndProject
Global
	GlobalSection(SolutionConfigurationPlatforms) = preSolution
		Debug|Any CPU = Debug|Any CPU
		Debug|x64 = Debug|x64
		Debug|x86 = Debug|x86
		Release|Any CPU = Release|Any CPU
		Release|x64 = Release|x64
		Release|x86 = Release|x86
	EndGlobalSection
	GlobalSection(ProjectConfigurationPlatforms) = postSolution
		{2C5908F7-781B-4142-A33C-7A6A1FF90C1D}.Debug|Any CPU.ActiveCfg = Debug|Any CPU
		{2C5908F7-781B-4142-A33C-7A6A1FF90C1D}.Debug|Any CPU.Build.0 = Debug|Any CPU
		{2C5908F7-781B-4142-A33C-7A6A1FF90C1D}.Debug|x64.ActiveCfg = Debug|Any CPU
		{2C5908F7-781B-4142-A33C-7A6A1FF90C1D}.Debug|x64.Build.0 = Debug|Any CPU
		{2C5908F7-781B-4142-A33C-7A6A1FF90C1D}.Debug|x86.ActiveCfg = Debug|Any CPU
		{2C5908F7-781B-4142-A33C-7A6A1FF90C1D}.Debug|x86.Build.0 = Debug|Any CPU
		{2C5908F7-781B-4142-A33C-7A6A1FF90C1D}.Release|Any CPU.ActiveCfg = Release|Any CPU
		{2C5908F7-781B-4142-A33C-7A6A1FF90C1D}.Release|Any CPU.Build.0 = Release|Any CPU
		{2C5908F7-781B-4142-A33C-7A6A1FF90C1D}.Release|x64.ActiveCfg = Release|Any CPU
		{2C5908F7-781B-4142-A33C-7A6A1FF90C1D}.Release|x64.Build.0 = Release|Any CPU
		{2C5908F7-781B-4142-A33C-7A6A1FF90C1D}.Release|x86.ActiveCfg = Release|Any CPU
		{2C5908F7-781B-4142-A33C-7A6A1FF90C1D}.Release|x86.Build.0 = Release|Any CPU
		{C6478E64-D35B-42C9-8D09-D28C4CE2FE16}.Debug|Any CPU.ActiveCfg = Debug|Any CPU
		{C6478E64-D35B-42C9-8D09-D28C4CE2FE16}.Debug|Any CPU.Build.0 = Debug|Any CPU
		{C6478E64-D35B-42C9-8D09-D28C4CE2FE16}.Debug|x64.ActiveCfg = Debug|Any CPU
		{C6478E64-D35B-42C9-8D09-D28C4CE2FE16}.Debug|x64.Build.0 = Debug|Any CPU
		{C6478E64-D35B-42C9-8D09-D28C4CE2FE16}.Debug|x86.ActiveCfg = Debug|Any CPU
		{C6478E64-D35B-42C9-8D09-D28C4CE2FE16}.Debug|x86.Build.0 = Debug|Any CPU
		{C6478E64-D35B-42C9-8D09-D28C4CE2FE16}.Release|Any CPU.ActiveCfg = Release|Any CPU
		{C6478E64-D35B-42C9-8D09-D28C4CE2FE16}.Release|Any CPU.Build.0 = Release|Any CPU
		{C6478E64-D35B-42C9-8D09-D28C4CE2FE16}.Release|x64.ActiveCfg = Release|Any CPU
		{C6478E64-D35B-42C9-8D09-D28C4CE2FE16}.Release|x64.Build.0 = Release|Any CPU
		{C6478E64-D35B-42C9-8D09-D28C4CE2FE16}.Release|x86.ActiveCfg = Release|Any CPU
		{C6478E64-D35B-42C9-8D09-D28C4CE2FE16}.Release|x86.Build.0 = Release|Any CPU
		{3DB5594F-E640-4F6E-81D9-5F260C5F4959}.Debug|Any CPU.ActiveCfg = Debug|Any CPU
		{3DB5594F-E640-4F6E-81D9-5F260C5F4959}.Debug|Any CPU.Build.0 = Debug|Any CPU
		{3DB5594F-E640-4F6E-81D9-5F260C5F4959}.Debug|x64.ActiveCfg = Debug|Any CPU
		{3DB5594F-E640-4F6E-81D9-5F260C5F4959}.Debug|x64.Build.0 = Debug|Any CPU
		{3DB5594F-E640-4F6E-81D9-5F260C5F4959}.Debug|x86.ActiveCfg = Debug|Any CPU
		{3DB5594F-E640-4F6E-81D9-5F260C5F4959}.Debug|x86.Build.0 = Debug|Any CPU
		{3DB5594F-E640-4F6E-81D9-5F260C5F4959}.Release|Any CPU.ActiveCfg = Release|Any CPU
		{3DB5594F-E640-4F6E-81D9-5F260C5F4959}.Release|Any CPU.Build.0 = Release|Any CPU
		{3DB5594F-E640-4F6E-81D9-5F260C5F4959}.Release|x64.ActiveCfg = Release|Any CPU
		{3DB5594F-E640-4F6E-81D9-5F260C5F4959}.Release|x64.Build.0 = Release|Any CPU
		{3DB5594F-E640-4F6E-81D9-5F260C5F4959}.Release|x86.ActiveCfg = Release|Any CPU
		{3DB5594F-E640-4F6E-81D9-5F260C5F4959}.Release|x86.Build.0 = Release|Any CPU
		{E5A7E6F6-AB62-4F09-98BC-74F9832AF215}.Debug|Any CPU.ActiveCfg = Debug|Any CPU
		{E5A7E6F6-AB62-4F09-98BC-74F9832AF215}.Debug|Any CPU.Build.0 = Debug|Any CPU
		{E5A7E6F6-AB62-4F09-98BC-74F9832AF215}.Debug|x64.ActiveCfg = Debug|Any CPU
		{E5A7E6F6-AB62-4F09-98BC-74F9832AF215}.Debug|x64.Build.0 = Debug|Any CPU
		{E5A7E6F6-AB62-4F09-98BC-74F9832AF215}.Debug|x86.ActiveCfg = Debug|Any CPU
		{E5A7E6F6-AB62-4F09-98BC-74F9832AF215}.Debug|x86.Build.0 = Debug|Any CPU
		{E5A7E6F6-AB62-4F09-98BC-74F9832AF215}.Release|Any CPU.ActiveCfg = Release|Any CPU
		{E5A7E6F6-AB62-4F09-98BC-74F9832AF215}.Release|Any CPU.Build.0 = Release|Any CPU
		{E5A7E6F6-AB62-4F09-98BC-74F9832AF215}.Release|x64.ActiveCfg = Release|Any CPU
		{E5A7E6F6-AB62-4F09-98BC-74F9832AF215}.Release|x64.Build.0 = Release|Any CPU
		{E5A7E6F6-AB62-4F09-98BC-74F9832AF215}.Release|x86.ActiveCfg = Release|Any CPU
		{E5A7E6F6-AB62-4F09-98BC-74F9832AF215}.Release|x86.Build.0 = Release|Any CPU
	EndGlobalSection
	GlobalSection(SolutionProperties) = preSolution
		HideSolutionNode = FALSE
	EndGlobalSection
	GlobalSection(ExtensibilityGlobals) = postSolution
		SolutionGuid = {A565AA86-EE24-4F1F-8CED-FEC9C0D73A2E}
	EndGlobalSection
EndGlobal
